
Microsoft Visual Studio Solution File, Format Version 12.00
# Visual Studio Version 17
VisualStudioVersion = 17.0.31919.166
MinimumVisualStudioVersion = 10.0.40219.1
Project("{FAE04EC0-301F-11D3-BF4B-00C04F79EFBC}") = "CustumerServiceITS", "CustumerServiceITS\CustumerServiceITS.csproj", "{452E651F-794B-47D6-9E16-89B5AF6C45AD}"
EndProject
Project("{E53339B2-1760-4266-BCC7-CA923CBCF16C}") = "docker-compose", "docker-compose.dcproj", "{F456D8A7-2BD9-4775-BEDA-3D7EAF8B4DAB}"
EndProject
Global
	GlobalSection(SolutionConfigurationPlatforms) = preSolution
		Debug|Any CPU = Debug|Any CPU
		Release|Any CPU = Release|Any CPU
	EndGlobalSection
	GlobalSection(ProjectConfigurationPlatforms) = postSolution
		{452E651F-794B-47D6-9E16-89B5AF6C45AD}.Debug|Any CPU.ActiveCfg = Debug|Any CPU
		{452E651F-794B-47D6-9E16-89B5AF6C45AD}.Debug|Any CPU.Build.0 = Debug|Any CPU
		{452E651F-794B-47D6-9E16-89B5AF6C45AD}.Release|Any CPU.ActiveCfg = Release|Any CPU
		{452E651F-794B-47D6-9E16-89B5AF6C45AD}.Release|Any CPU.Build.0 = Release|Any CPU
		{F456D8A7-2BD9-4775-BEDA-3D7EAF8B4DAB}.Debug|Any CPU.ActiveCfg = Debug|Any CPU
		{F456D8A7-2BD9-4775-BEDA-3D7EAF8B4DAB}.Debug|Any CPU.Build.0 = Debug|Any CPU
		{F456D8A7-2BD9-4775-BEDA-3D7EAF8B4DAB}.Release|Any CPU.ActiveCfg = Release|Any CPU
		{F456D8A7-2BD9-4775-BEDA-3D7EAF8B4DAB}.Release|Any CPU.Build.0 = Release|Any CPU
	EndGlobalSection
	GlobalSection(SolutionProperties) = preSolution
		HideSolutionNode = FALSE
	EndGlobalSection
	GlobalSection(ExtensibilityGlobals) = postSolution
		SolutionGuid = {47FAD6DD-064D-4D10-A8BB-F2A450180C4D}
	EndGlobalSection
EndGlobal
