
Microsoft Visual Studio Solution File, Format Version 12.00
# Visual Studio Version 17
VisualStudioVersion = 17.0.31919.166
MinimumVisualStudioVersion = 10.0.40219.1
Project("{9A19103F-16F7-4668-BE54-9A1E7A4F7556}") = "BookService", "BookServiceITS\BookService.csproj", "{A81A26B4-11E9-498B-9E8C-3F5399D1F168}"
EndProject
Project("{E53339B2-1760-4266-BCC7-CA923CBCF16C}") = "docker-compose", "docker-compose.dcproj", "{8C2A5062-102E-4643-9333-DCF9AD85FD1C}"
EndProject
Global
	GlobalSection(SolutionConfigurationPlatforms) = preSolution
		Debug|Any CPU = Debug|Any CPU
		Release|Any CPU = Release|Any CPU
	EndGlobalSection
	GlobalSection(ProjectConfigurationPlatforms) = postSolution
		{A81A26B4-11E9-498B-9E8C-3F5399D1F168}.Debug|Any CPU.ActiveCfg = Debug|Any CPU
		{A81A26B4-11E9-498B-9E8C-3F5399D1F168}.Debug|Any CPU.Build.0 = Debug|Any CPU
		{A81A26B4-11E9-498B-9E8C-3F5399D1F168}.Release|Any CPU.ActiveCfg = Release|Any CPU
		{A81A26B4-11E9-498B-9E8C-3F5399D1F168}.Release|Any CPU.Build.0 = Release|Any CPU
		{8C2A5062-102E-4643-9333-DCF9AD85FD1C}.Debug|Any CPU.ActiveCfg = Debug|Any CPU
		{8C2A5062-102E-4643-9333-DCF9AD85FD1C}.Debug|Any CPU.Build.0 = Debug|Any CPU
		{8C2A5062-102E-4643-9333-DCF9AD85FD1C}.Release|Any CPU.ActiveCfg = Release|Any CPU
		{8C2A5062-102E-4643-9333-DCF9AD85FD1C}.Release|Any CPU.Build.0 = Release|Any CPU
	EndGlobalSection
	GlobalSection(SolutionProperties) = preSolution
		HideSolutionNode = FALSE
	EndGlobalSection
	GlobalSection(ExtensibilityGlobals) = postSolution
		SolutionGuid = {41478E69-271E-4F19-A2F1-15D5FC18F8B0}
	EndGlobalSection
EndGlobal
