
Microsoft Visual Studio Solution File, Format Version 12.00
# Visual Studio Version 17
VisualStudioVersion = 17.0.31919.166
MinimumVisualStudioVersion = 10.0.40219.1
Project("{FAE04EC0-301F-11D3-BF4B-00C04F79EFBC}") = "BorrowingService", "BorrowingService\BorrowingService.csproj", "{0576796B-1585-4878-9BE5-755F7AD6A8EF}"
EndProject
Project("{E53339B2-1760-4266-BCC7-CA923CBCF16C}") = "docker-compose", "docker-compose.dcproj", "{B8CFF780-C38C-4096-A9C4-595B4AE128D9}"
EndProject
Global
	GlobalSection(SolutionConfigurationPlatforms) = preSolution
		Debug|Any CPU = Debug|Any CPU
		Release|Any CPU = Release|Any CPU
	EndGlobalSection
	GlobalSection(ProjectConfigurationPlatforms) = postSolution
		{0576796B-1585-4878-9BE5-755F7AD6A8EF}.Debug|Any CPU.ActiveCfg = Debug|Any CPU
		{0576796B-1585-4878-9BE5-755F7AD6A8EF}.Debug|Any CPU.Build.0 = Debug|Any CPU
		{0576796B-1585-4878-9BE5-755F7AD6A8EF}.Release|Any CPU.ActiveCfg = Release|Any CPU
		{0576796B-1585-4878-9BE5-755F7AD6A8EF}.Release|Any CPU.Build.0 = Release|Any CPU
		{B8CFF780-C38C-4096-A9C4-595B4AE128D9}.Debug|Any CPU.ActiveCfg = Debug|Any CPU
		{B8CFF780-C38C-4096-A9C4-595B4AE128D9}.Debug|Any CPU.Build.0 = Debug|Any CPU
		{B8CFF780-C38C-4096-A9C4-595B4AE128D9}.Release|Any CPU.ActiveCfg = Release|Any CPU
		{B8CFF780-C38C-4096-A9C4-595B4AE128D9}.Release|Any CPU.Build.0 = Release|Any CPU
	EndGlobalSection
	GlobalSection(SolutionProperties) = preSolution
		HideSolutionNode = FALSE
	EndGlobalSection
	GlobalSection(ExtensibilityGlobals) = postSolution
		SolutionGuid = {8C0A0447-6F04-475A-B3C2-1BAC175756E7}
	EndGlobalSection
EndGlobal
